# This file is automatically @generated by Cargo.
# It is not intended for manual editing.
version = 4

[[package]]
name = "line-editor"
version = "0.1.0"

[[package]]
name = "otter-claude"
version = "0.1.0"
dependencies = [
 "otter-http",
 "otter-json",
]

[[package]]
name = "otter-crypto"
version = "0.1.0"

[[package]]
name = "otter-gfx"
version = "0.1.0"

[[package]]
name = "otter-html"
version = "0.1.0"
dependencies = [
 "otter-http",
 "otter-json",
]

[[package]]
name = "otter-http"
version = "0.1.0"
dependencies = [
 "otter-tls",
 "otter-x509",
]

[[package]]
name = "otter-json"
version = "0.1.0"

[[package]]
name = "otter-llm"
version = "0.1.0"
dependencies = [
 "otter-json",
]

[[package]]
name = "otter-net-proto"
version = "0.1.0"

[[package]]
name = "otter-netlogic"
version = "0.1.0"
dependencies = [
 "otter-net-proto",
]

[[package]]
name = "otter-tls"
version = "0.1.0"
dependencies = [
 "otter-crypto",
 "otter-x509",
]

[[package]]
name = "otter-x509"
version = "0.1.0"
dependencies = [
 "otter-crypto",
]
