# This file is automatically @generated by Cargo.
# It is not intended for manual editing.
version = 4

[[package]]
name = "line-editor"
version = "0.1.0"

[[package]]
name = "otter-apps"
version = "0.1.0"
dependencies = [
 "otter-gfx",
 "otter-term",
 "otter-textbuf",
 "otter-ui",
]

[[package]]
name = "otter-apps-ai"
version = "0.1.0"
dependencies = [
 "otter-gfx",
 "otter-json",
 "otter-ui",
]

[[package]]
name = "otter-claude"
version = "0.1.0"
dependencies = [
 "otter-http",
 "otter-json",
]

[[package]]
name = "otter-crypto"
version = "0.1.0"

[[package]]
name = "otter-gfx"
version = "0.1.0"

[[package]]
name = "otter-grammar"
version = "0.1.0"
dependencies = [
 "otter-claude",
 "otter-json",
 "otter-llm",
]

[[package]]
name = "otter-html"
version = "0.1.0"
dependencies = [
 "otter-http",
 "otter-json",
]

[[package]]
name = "otter-http"
version = "0.1.0"
dependencies = [
 "otter-tls",
 "otter-x509",
]

[[package]]
name = "otter-json"
version = "0.1.0"

[[package]]
name = "otter-llm"
version = "0.1.0"
dependencies = [
 "otter-json",
]

[[package]]
name = "otter-net-proto"
version = "0.1.0"

[[package]]
name = "otter-netlogic"
version = "0.1.0"
dependencies = [
 "otter-net-proto",
]

[[package]]
name = "otter-part"
version = "0.1.0"

[[package]]
name = "otter-sample"
version = "0.1.0"

[[package]]
name = "otter-simd"
version = "0.1.0"

[[package]]
name = "otter-term"
version = "0.1.0"

[[package]]
name = "otter-textbuf"
version = "0.1.0"

[[package]]
name = "otter-tls"
version = "0.1.0"
dependencies = [
 "otter-crypto",
 "otter-x509",
]

[[package]]
name = "otter-ui"
version = "0.1.0"
dependencies = [
 "otter-gfx",
 "otter-term",
 "otter-textbuf",
]

[[package]]
name = "otter-usb"
version = "0.1.0"

[[package]]
name = "otter-virtio"
version = "0.1.0"

[[package]]
name = "otter-wm"
version = "0.1.0"
dependencies = [
 "otter-gfx",
]

[[package]]
name = "otter-x509"
version = "0.1.0"
dependencies = [
 "otter-crypto",
]

[[package]]
name = "otter-xhci"
version = "0.1.0"
